
Microsoft Visual Studio Solution File, Format Version 12.00
# Visual Studio 15
VisualStudioVersion = 15.0.28307.572
MinimumVisualStudioVersion = 10.0.40219.1
Project("{FAE04EC0-301F-11D3-BF4B-00C04F79EFBC}") = "Abbyy.CloudSdk.V2.Client.Sample", "Abbyy.CloudSdk.V2.Client.Sample.csproj", "{67E89D3E-49A1-41CB-9798-4F3D87C5FE79}"
EndProject
Project("{2150E333-8FDC-42A3-9474-1A3956D46DE8}") = "Solution Items", "Solution Items", "{6385C1DF-2263-4733-8D97-2023AA79EF2C}"
	ProjectSection(SolutionItems) = preProject
		Abbyy.CloudSdk.V2.Client.sln.licenseheader = Abbyy.CloudSdk.V2.Client.sln.licenseheader
	EndProjectSection
EndProject
Global
	GlobalSection(SolutionConfigurationPlatforms) = preSolution
		Debug|Any CPU = Debug|Any CPU
		Release|Any CPU = Release|Any CPU
	EndGlobalSection
	GlobalSection(ProjectConfigurationPlatforms) = postSolution
		{67E89D3E-49A1-41CB-9798-4F3D87C5FE79}.Debug|Any CPU.ActiveCfg = Debug|Any CPU
		{67E89D3E-49A1-41CB-9798-4F3D87C5FE79}.Debug|Any CPU.Build.0 = Debug|Any CPU
		{67E89D3E-49A1-41CB-9798-4F3D87C5FE79}.Release|Any CPU.ActiveCfg = Release|Any CPU
		{67E89D3E-49A1-41CB-9798-4F3D87C5FE79}.Release|Any CPU.Build.0 = Release|Any CPU
	EndGlobalSection
	GlobalSection(SolutionProperties) = preSolution
		HideSolutionNode = FALSE
	EndGlobalSection
	GlobalSection(ExtensibilityGlobals) = postSolution
		SolutionGuid = {C70FEA15-6586-4D88-9DA0-18A5C9D97C35}
	EndGlobalSection
EndGlobal
