PODS:
  - AFNetworking (1.3.1)
  - OCRSDKClient (0.2.1):
    - AFNetworking (= 1.3.1)
    - XMLDictionary (= 1.2.2)
  - XMLDictionary (1.2.2)

DEPENDENCIES:
  - OCRSDKClient (= 0.2.1)

SPEC CHECKSUMS:
  AFNetworking: 9ec8aafb9269236a7630bd8d9838ce2ba30fa2a0
  OCRSDKClient: 30975c5c963ded5444f3ac0ed4e605762633db41
  XMLDictionary: 36fe79f39509562cc2b1f7852782ee42d2345dd6

COCOAPODS: 0.22.2
